# This file is automatically @generated by Poetry 1.8.5 and should not be changed by hand.

[[package]]
name = "markdown-it-py"
version = "3.0.0"
description = "Python port of markdown-it. Markdown parsing, done right!"
optional = false
python-versions = ">=3.8"
files = [
    {file = "markdown-it-py-3.0.0.tar.gz", hash = "sha256:e3f60a94fa066dc52ec76661e37c851cb232d92f9886b15cb560aaada2df8feb"},
    {file = "markdown_it_py-3.0.0-py3-none-any.whl", hash = "sha256:355216845c60bd96232cd8d8c40e8f9765cc86f46880e43a8fd22dc1a1a8cab1"},
]

[package.dependencies]
mdurl = ">=0.1,<1.0"

[package.extras]
benchmarking = ["psutil", "pytest", "pytest-benchmark"]
code-style = ["pre-commit (>=3.0,<4.0)"]
compare = ["commonmark (>=0.9,<1.0)", "markdown (>=3.4,<4.0)", "mistletoe (>=1.0,<2.0)", "mistune (>=2.0,<3.0)", "panflute (>=2.3,<3.0)"]
linkify = ["linkify-it-py (>=1,<3)"]
plugins = ["mdit-py-plugins"]
profiling = ["gprof2dot"]
rtd = ["jupyter_sphinx", "mdit-py-plugins", "myst-parser", "pyyaml", "sphinx", "sphinx-copybutton", "sphinx-design", "sphinx_book_theme"]
testing = ["coverage", "pytest", "pytest-cov", "pytest-regressions"]

[[package]]
name = "mdurl"
version = "0.1.2"
description = "Markdown URL utilities"
optional = false
python-versions = ">=3.7"
files = [
    {file = "mdurl-0.1.2-py3-none-any.whl", hash = "sha256:84008a41e51615a49fc9966191ff91509e3c40b939176e643fd50a5c2196b8f8"},
    {file = "mdurl-0.1.2.tar.gz", hash = "sha256:bb413d29f5eea38f31dd4754dd7377d4465116fb207585f97bf925588687c1ba"},
]

[[package]]
name = "mmh3"
version = "5.1.0"
description = "Python extension for MurmurHash (MurmurHash3), a set of fast and robust hash functions."
optional = false
python-versions = ">=3.9"
files = [
    {file = "mmh3-5.1.0-cp310-cp310-macosx_10_9_universal2.whl", hash = "sha256:eaf4ac5c6ee18ca9232238364d7f2a213278ae5ca97897cafaa123fcc7bb8bec"},
    {file = "mmh3-5.1.0-cp310-cp310-macosx_10_9_x86_64.whl", hash = "sha256:48f9aa8ccb9ad1d577a16104834ac44ff640d8de8c0caed09a2300df7ce8460a"},
    {file = "mmh3-5.1.0-cp310-cp310-macosx_11_0_arm64.whl", hash = "sha256:d4ba8cac21e1f2d4e436ce03a82a7f87cda80378691f760e9ea55045ec480a3d"},
    {file = "mmh3-5.1.0-cp310-cp310-manylinux_2_17_aarch64.manylinux2014_aarch64.whl", hash = "sha256:d69281c281cb01994f054d862a6bb02a2e7acfe64917795c58934b0872b9ece4"},
    {file = "mmh3-5.1.0-cp310-cp310-manylinux_2_17_ppc64le.manylinux2014_ppc64le.whl", hash = "sha256:4d05ed3962312fbda2a1589b97359d2467f677166952f6bd410d8c916a55febf"},
    {file = "mmh3-5.1.0-cp310-cp310-manylinux_2_17_s390x.manylinux2014_s390x.whl", hash = "sha256:78ae6a03f4cff4aa92ddd690611168856f8c33a141bd3e5a1e0a85521dc21ea0"},
    {file = "mmh3-5.1.0-cp310-cp310-manylinux_2_5_i686.manylinux1_i686.manylinux_2_17_i686.manylinux2014_i686.whl", hash = "sha256:95f983535b39795d9fb7336438faae117424c6798f763d67c6624f6caf2c4c01"},
    {file = "mmh3-5.1.0-cp310-cp310-manylinux_2_5_x86_64.manylinux1_x86_64.manylinux_2_17_x86_64.manylinux2014_x86_64.whl", hash = "sha256:d46fdd80d4c7ecadd9faa6181e92ccc6fe91c50991c9af0e371fdf8b8a7a6150"},
    {file = "mmh3-5.1.0-cp310-cp310-musllinux_1_2_aarch64.whl", hash = "sha256:0f16e976af7365ea3b5c425124b2a7f0147eed97fdbb36d99857f173c8d8e096"},
    {file = "mmh3-5.1.0-cp310-cp310-musllinux_1_2_i686.whl", hash = "sha256:6fa97f7d1e1f74ad1565127229d510f3fd65d931fdedd707c1e15100bc9e5ebb"},
    {file = "mmh3-5.1.0-cp310-cp310-musllinux_1_2_ppc64le.whl", hash = "sha256:4052fa4a8561bd62648e9eb993c8f3af3bdedadf3d9687aa4770d10e3709a80c"},
    {file = "mmh3-5.1.0-cp310-cp310-musllinux_1_2_s390x.whl", hash = "sha256:3f0e8ae9f961037f812afe3cce7da57abf734285961fffbeff9a4c011b737732"},
    {file = "mmh3-5.1.0-cp310-cp310-musllinux_1_2_x86_64.whl", hash = "sha256:99297f207db967814f1f02135bb7fe7628b9eacb046134a34e1015b26b06edce"},
    {file = "mmh3-5.1.0-cp310-cp310-win32.whl", hash = "sha256:2e6c8dc3631a5e22007fbdb55e993b2dbce7985c14b25b572dd78403c2e79182"},
    {file = "mmh3-5.1.0-cp310-cp310-win_amd64.whl", hash = "sha256:e4e8c7ad5a4dddcfde35fd28ef96744c1ee0f9d9570108aa5f7e77cf9cfdf0bf"},
    {file = "mmh3-5.1.0-cp310-cp310-win_arm64.whl", hash = "sha256:45da549269883208912868a07d0364e1418d8292c4259ca11699ba1b2475bd26"},
    {file = "mmh3-5.1.0-cp311-cp311-macosx_10_9_universal2.whl", hash = "sha256:0b529dcda3f951ff363a51d5866bc6d63cf57f1e73e8961f864ae5010647079d"},
    {file = "mmh3-5.1.0-cp311-cp311-macosx_10_9_x86_64.whl", hash = "sha256:4db1079b3ace965e562cdfc95847312f9273eb2ad3ebea983435c8423e06acd7"},
    {file = "mmh3-5.1.0-cp311-cp311-macosx_11_0_arm64.whl", hash = "sha256:22d31e3a0ff89b8eb3b826d6fc8e19532998b2aa6b9143698043a1268da413e1"},
    {file = "mmh3-5.1.0-cp311-cp311-manylinux_2_17_aarch64.manylinux2014_aarch64.whl", hash = "sha256:2139bfbd354cd6cb0afed51c4b504f29bcd687a3b1460b7e89498329cc28a894"},
    {file = "mmh3-5.1.0-cp311-cp311-manylinux_2_17_ppc64le.manylinux2014_ppc64le.whl", hash = "sha256:8c8105c6a435bc2cd6ea2ef59558ab1a2976fd4a4437026f562856d08996673a"},
    {file = "mmh3-5.1.0-cp311-cp311-manylinux_2_17_s390x.manylinux2014_s390x.whl", hash = "sha256:57730067174a7f36fcd6ce012fe359bd5510fdaa5fe067bc94ed03e65dafb769"},
    {file = "mmh3-5.1.0-cp311-cp311-manylinux_2_5_i686.manylinux1_i686.manylinux_2_17_i686.manylinux2014_i686.whl", hash = "sha256:bde80eb196d7fdc765a318604ded74a4378f02c5b46c17aa48a27d742edaded2"},
    {file = "mmh3-5.1.0-cp311-cp311-manylinux_2_5_x86_64.manylinux1_x86_64.manylinux_2_17_x86_64.manylinux2014_x86_64.whl", hash = "sha256:e9c8eddcb441abddeb419c16c56fd74b3e2df9e57f7aa2903221996718435c7a"},
    {file = "mmh3-5.1.0-cp311-cp311-musllinux_1_2_aarch64.whl", hash = "sha256:99e07e4acafbccc7a28c076a847fb060ffc1406036bc2005acb1b2af620e53c3"},
    {file = "mmh3-5.1.0-cp311-cp311-musllinux_1_2_i686.whl", hash = "sha256:9e25ba5b530e9a7d65f41a08d48f4b3fedc1e89c26486361166a5544aa4cad33"},
    {file = "mmh3-5.1.0-cp311-cp311-musllinux_1_2_ppc64le.whl", hash = "sha256:bb9bf7475b4d99156ce2f0cf277c061a17560c8c10199c910a680869a278ddc7"},
    {file = "mmh3-5.1.0-cp311-cp311-musllinux_1_2_s390x.whl", hash = "sha256:2a1b0878dd281ea3003368ab53ff6f568e175f1b39f281df1da319e58a19c23a"},
    {file = "mmh3-5.1.0-cp311-cp311-musllinux_1_2_x86_64.whl", hash = "sha256:25f565093ac8b8aefe0f61f8f95c9a9d11dd69e6a9e9832ff0d293511bc36258"},
    {file = "mmh3-5.1.0-cp311-cp311-win32.whl", hash = "sha256:1e3554d8792387eac73c99c6eaea0b3f884e7130eb67986e11c403e4f9b6d372"},
    {file = "mmh3-5.1.0-cp311-cp311-win_amd64.whl", hash = "sha256:8ad777a48197882492af50bf3098085424993ce850bdda406a358b6ab74be759"},
    {file = "mmh3-5.1.0-cp311-cp311-win_arm64.whl", hash = "sha256:f29dc4efd99bdd29fe85ed6c81915b17b2ef2cf853abf7213a48ac6fb3eaabe1"},
    {file = "mmh3-5.1.0-cp312-cp312-macosx_10_13_universal2.whl", hash = "sha256:45712987367cb9235026e3cbf4334670522a97751abfd00b5bc8bfa022c3311d"},
    {file = "mmh3-5.1.0-cp312-cp312-macosx_10_13_x86_64.whl", hash = "sha256:b1020735eb35086ab24affbea59bb9082f7f6a0ad517cb89f0fc14f16cea4dae"},
    {file = "mmh3-5.1.0-cp312-cp312-macosx_11_0_arm64.whl", hash = "sha256:babf2a78ce5513d120c358722a2e3aa7762d6071cd10cede026f8b32452be322"},
    {file = "mmh3-5.1.0-cp312-cp312-manylinux_2_17_aarch64.manylinux2014_aarch64.whl", hash = "sha256:d4f47f58cd5cbef968c84a7c1ddc192fef0a36b48b0b8a3cb67354531aa33b00"},
    {file = "mmh3-5.1.0-cp312-cp312-manylinux_2_17_ppc64le.manylinux2014_ppc64le.whl", hash = "sha256:2044a601c113c981f2c1e14fa33adc9b826c9017034fe193e9eb49a6882dbb06"},
    {file = "mmh3-5.1.0-cp312-cp312-manylinux_2_17_s390x.manylinux2014_s390x.whl", hash = "sha256:c94d999c9f2eb2da44d7c2826d3fbffdbbbbcde8488d353fee7c848ecc42b968"},
    {file = "mmh3-5.1.0-cp312-cp312-manylinux_2_5_i686.manylinux1_i686.manylinux_2_17_i686.manylinux2014_i686.whl", hash = "sha256:a015dcb24fa0c7a78f88e9419ac74f5001c1ed6a92e70fd1803f74afb26a4c83"},
    {file = "mmh3-5.1.0-cp312-cp312-manylinux_2_5_x86_64.manylinux1_x86_64.manylinux_2_17_x86_64.manylinux2014_x86_64.whl", hash = "sha256:457da019c491a2d20e2022c7d4ce723675e4c081d9efc3b4d8b9f28a5ea789bd"},
    {file = "mmh3-5.1.0-cp312-cp312-musllinux_1_2_aarch64.whl", hash = "sha256:71408579a570193a4ac9c77344d68ddefa440b00468a0b566dcc2ba282a9c559"},
    {file = "mmh3-5.1.0-cp312-cp312-musllinux_1_2_i686.whl", hash = "sha256:8b3a04bc214a6e16c81f02f855e285c6df274a2084787eeafaa45f2fbdef1b63"},
    {file = "mmh3-5.1.0-cp312-cp312-musllinux_1_2_ppc64le.whl", hash = "sha256:832dae26a35514f6d3c1e267fa48e8de3c7b978afdafa0529c808ad72e13ada3"},
    {file = "mmh3-5.1.0-cp312-cp312-musllinux_1_2_s390x.whl", hash = "sha256:bf658a61fc92ef8a48945ebb1076ef4ad74269e353fffcb642dfa0890b13673b"},
    {file = "mmh3-5.1.0-cp312-cp312-musllinux_1_2_x86_64.whl", hash = "sha256:3313577453582b03383731b66447cdcdd28a68f78df28f10d275d7d19010c1df"},
    {file = "mmh3-5.1.0-cp312-cp312-win32.whl", hash = "sha256:1d6508504c531ab86c4424b5a5ff07c1132d063863339cf92f6657ff7a580f76"},
    {file = "mmh3-5.1.0-cp312-cp312-win_amd64.whl", hash = "sha256:aa75981fcdf3f21759d94f2c81b6a6e04a49dfbcdad88b152ba49b8e20544776"},
    {file = "mmh3-5.1.0-cp312-cp312-win_arm64.whl", hash = "sha256:a4c1a76808dfea47f7407a0b07aaff9087447ef6280716fd0783409b3088bb3c"},
    {file = "mmh3-5.1.0-cp313-cp313-macosx_10_13_universal2.whl", hash = "sha256:7a523899ca29cfb8a5239618474a435f3d892b22004b91779fcb83504c0d5b8c"},
    {file = "mmh3-5.1.0-cp313-cp313-macosx_10_13_x86_64.whl", hash = "sha256:17cef2c3a6ca2391ca7171a35ed574b5dab8398163129a3e3a4c05ab85a4ff40"},
    {file = "mmh3-5.1.0-cp313-cp313-macosx_11_0_arm64.whl", hash = "sha256:52e12895b30110f3d89dae59a888683cc886ed0472dd2eca77497edef6161997"},
    {file = "mmh3-5.1.0-cp313-cp313-manylinux_2_17_aarch64.manylinux2014_aarch64.whl", hash = "sha256:e0d6719045cda75c3f40397fc24ab67b18e0cb8f69d3429ab4c39763c4c608dd"},
    {file = "mmh3-5.1.0-cp313-cp313-manylinux_2_17_ppc64le.manylinux2014_ppc64le.whl", hash = "sha256:d19fa07d303a91f8858982c37e6939834cb11893cb3ff20e6ee6fa2a7563826a"},
    {file = "mmh3-5.1.0-cp313-cp313-manylinux_2_17_s390x.manylinux2014_s390x.whl", hash = "sha256:31b47a620d622fbde8ca1ca0435c5d25de0ac57ab507209245e918128e38e676"},
    {file = "mmh3-5.1.0-cp313-cp313-manylinux_2_5_i686.manylinux1_i686.manylinux_2_17_i686.manylinux2014_i686.whl", hash = "sha256:00f810647c22c179b6821079f7aa306d51953ac893587ee09cf1afb35adf87cb"},
    {file = "mmh3-5.1.0-cp313-cp313-manylinux_2_5_x86_64.manylinux1_x86_64.manylinux_2_17_x86_64.manylinux2014_x86_64.whl", hash = "sha256:f6128b610b577eed1e89ac7177ab0c33d06ade2aba93f5c89306032306b5f1c6"},
    {file = "mmh3-5.1.0-cp313-cp313-musllinux_1_2_aarch64.whl", hash = "sha256:1e550a45d2ff87a1c11b42015107f1778c93f4c6f8e731bf1b8fa770321b8cc4"},
    {file = "mmh3-5.1.0-cp313-cp313-musllinux_1_2_i686.whl", hash = "sha256:785ae09276342f79fd8092633e2d52c0f7c44d56e8cfda8274ccc9b76612dba2"},
    {file = "mmh3-5.1.0-cp313-cp313-musllinux_1_2_ppc64le.whl", hash = "sha256:0f4be3703a867ef976434afd3661a33884abe73ceb4ee436cac49d3b4c2aaa7b"},
    {file = "mmh3-5.1.0-cp313-cp313-musllinux_1_2_s390x.whl", hash = "sha256:e513983830c4ff1f205ab97152a0050cf7164f1b4783d702256d39c637b9d107"},
    {file = "mmh3-5.1.0-cp313-cp313-musllinux_1_2_x86_64.whl", hash = "sha256:b9135c300535c828c0bae311b659f33a31c941572eae278568d1a953c4a57b59"},
    {file = "mmh3-5.1.0-cp313-cp313-win32.whl", hash = "sha256:c65dbd12885a5598b70140d24de5839551af5a99b29f9804bb2484b29ef07692"},
    {file = "mmh3-5.1.0-cp313-cp313-win_amd64.whl", hash = "sha256:10db7765201fc65003fa998faa067417ef6283eb5f9bba8f323c48fd9c33e91f"},
    {file = "mmh3-5.1.0-cp313-cp313-win_arm64.whl", hash = "sha256:b22fe2e54be81f6c07dcb36b96fa250fb72effe08aa52fbb83eade6e1e2d5fd7"},
    {file = "mmh3-5.1.0-cp39-cp39-macosx_10_9_universal2.whl", hash = "sha256:166b67749a1d8c93b06f5e90576f1ba838a65c8e79f28ffd9dfafba7c7d0a084"},
    {file = "mmh3-5.1.0-cp39-cp39-macosx_10_9_x86_64.whl", hash = "sha256:adba83c7ba5cc8ea201ee1e235f8413a68e7f7b8a657d582cc6c6c9d73f2830e"},
    {file = "mmh3-5.1.0-cp39-cp39-macosx_11_0_arm64.whl", hash = "sha256:a61f434736106804eb0b1612d503c4e6eb22ba31b16e6a2f987473de4226fa55"},
    {file = "mmh3-5.1.0-cp39-cp39-manylinux_2_17_aarch64.manylinux2014_aarch64.whl", hash = "sha256:ba9ce59816b30866093f048b3312c2204ff59806d3a02adee71ff7bd22b87554"},
    {file = "mmh3-5.1.0-cp39-cp39-manylinux_2_17_ppc64le.manylinux2014_ppc64le.whl", hash = "sha256:cd51597bef1e503363b05cb579db09269e6e6c39d419486626b255048daf545b"},
    {file = "mmh3-5.1.0-cp39-cp39-manylinux_2_17_s390x.manylinux2014_s390x.whl", hash = "sha256:d51a1ed642d3fb37b8f4cab966811c52eb246c3e1740985f701ef5ad4cdd2145"},
    {file = "mmh3-5.1.0-cp39-cp39-manylinux_2_5_i686.manylinux1_i686.manylinux_2_17_i686.manylinux2014_i686.whl", hash = "sha256:709bfe81c53bf8a3609efcbd65c72305ade60944f66138f697eefc1a86b6e356"},
    {file = "mmh3-5.1.0-cp39-cp39-manylinux_2_5_x86_64.manylinux1_x86_64.manylinux_2_17_x86_64.manylinux2014_x86_64.whl", hash = "sha256:e01a9b0092b6f82e861137c8e9bb9899375125b24012eb5219e61708be320032"},
    {file = "mmh3-5.1.0-cp39-cp39-musllinux_1_2_aarch64.whl", hash = "sha256:27e46a2c13c9a805e03c9ec7de0ca8e096794688ab2125bdce4229daf60c4a56"},
    {file = "mmh3-5.1.0-cp39-cp39-musllinux_1_2_i686.whl", hash = "sha256:5766299c1d26f6bfd0a638e070bd17dbd98d4ccb067d64db3745bf178e700ef0"},
    {file = "mmh3-5.1.0-cp39-cp39-musllinux_1_2_ppc64le.whl", hash = "sha256:7785205e3e4443fdcbb73766798c7647f94c2f538b90f666688f3e757546069e"},
    {file = "mmh3-5.1.0-cp39-cp39-musllinux_1_2_s390x.whl", hash = "sha256:8e574fbd39afb433b3ab95683b1b4bf18313dc46456fc9daaddc2693c19ca565"},
    {file = "mmh3-5.1.0-cp39-cp39-musllinux_1_2_x86_64.whl", hash = "sha256:1b6727a5a20e32cbf605743749f3862abe5f5e097cbf2afc7be5aafd32a549ae"},
    {file = "mmh3-5.1.0-cp39-cp39-win32.whl", hash = "sha256:d6eaa711d4b9220fe5252032a44bf68e5dcfb7b21745a96efc9e769b0dd57ec2"},
    {file = "mmh3-5.1.0-cp39-cp39-win_amd64.whl", hash = "sha256:49d444913f6c02980e5241a53fe9af2338f2043d6ce5b6f5ea7d302c52c604ac"},
    {file = "mmh3-5.1.0-cp39-cp39-win_arm64.whl", hash = "sha256:0daaeaedd78773b70378f2413c7d6b10239a75d955d30d54f460fb25d599942d"},
    {file = "mmh3-5.1.0.tar.gz", hash = "sha256:136e1e670500f177f49ec106a4ebf0adf20d18d96990cc36ea492c651d2b406c"},
]

[package.extras]
benchmark = ["pymmh3 (==0.0.5)", "pyperf (==2.8.1)", "xxhash (==3.5.0)"]
docs = ["myst-parser (==4.0.0)", "shibuya (==2024.12.21)", "sphinx (==8.1.3)", "sphinx-copybutton (==0.5.2)"]
lint = ["black (==24.10.0)", "clang-format (==19.1.7)", "isort (==5.13.2)", "pylint (==3.3.3)"]
plot = ["matplotlib (==3.10.0)", "pandas (==2.2.3)"]
test = ["pytest (==8.3.4)", "pytest-sugar (==1.0.0)"]
type = ["mypy (==1.14.1)"]

[[package]]
name = "pygments"
version = "2.19.1"
description = "Pygments is a syntax highlighting package written in Python."
optional = false
python-versions = ">=3.8"
files = [
    {file = "pygments-2.19.1-py3-none-any.whl", hash = "sha256:9ea1544ad55cecf4b8242fab6dd35a93bbce657034b0611ee383099054ab6d8c"},
    {file = "pygments-2.19.1.tar.gz", hash = "sha256:61c16d2a8576dc0649d9f39e089b5f02bcd27fba10d8fb4dcc28173f7a45151f"},
]

[package.extras]
windows-terminal = ["colorama (>=0.4.6)"]

[[package]]
name = "rich"
version = "13.9.4"
description = "Render rich text, tables, progress bars, syntax highlighting, markdown and more to the terminal"
optional = false
python-versions = ">=3.8.0"
files = [
    {file = "rich-13.9.4-py3-none-any.whl", hash = "sha256:6049d5e6ec054bf2779ab3358186963bac2ea89175919d699e378b99738c2a90"},
    {file = "rich-13.9.4.tar.gz", hash = "sha256:439594978a49a09530cff7ebc4b5c7103ef57baf48d5ea3184f21d9a2befa098"},
]

[package.dependencies]
markdown-it-py = ">=2.2.0"
pygments = ">=2.13.0,<3.0.0"

[package.extras]
jupyter = ["ipywidgets (>=7.5.1,<9)"]

[metadata]
lock-version = "2.0"
python-versions = "^3.12"
content-hash = "74359999fdc42bb9669dbd08bd08e8e9276de8f8a3fdeab0b5681319c16bed60"
